# THIS IS AN AUTOGENERATED FILE. DO NOT EDIT THIS FILE DIRECTLY.
# yarn lockfile v1


"@esbuild-kit/cjs-loader@^2.4.2":
  version "2.4.2"
  resolved "https://registry.yarnpkg.com/@esbuild-kit/cjs-loader/-/cjs-loader-2.4.2.tgz#cb4dde00fbf744a68c4f20162ea15a8242d0fa54"
  integrity sha512-BDXFbYOJzT/NBEtp71cvsrGPwGAMGRB/349rwKuoxNSiKjPraNNnlK6MIIabViCjqZugu6j+xeMDlEkWdHHJSg==
  dependencies:
    "@esbuild-kit/core-utils" "^3.0.0"
    get-tsconfig "^4.4.0"

"@esbuild-kit/core-utils@^3.0.0":
  version "3.1.0"
  resolved "https://registry.yarnpkg.com/@esbuild-kit/core-utils/-/core-utils-3.1.0.tgz#49945d533dbd5e1b7620aa0fc522c15e6ec089c5"
  integrity sha512-Uuk8RpCg/7fdHSceR1M6XbSZFSuMrxcePFuGgyvsBn+u339dk5OeL4jv2EojwTN2st/unJGsVm4qHWjWNmJ/tw==
  dependencies:
    esbuild "~0.17.6"
    source-map-support "^0.5.21"

"@esbuild-kit/esm-loader@^2.5.5":
  version "2.5.5"
  resolved "https://registry.yarnpkg.com/@esbuild-kit/esm-loader/-/esm-loader-2.5.5.tgz#b82da14fcee3fc1d219869756c06f43f67d1ca71"
  integrity sha512-Qwfvj/qoPbClxCRNuac1Du01r9gvNOT+pMYtJDapfB1eoGN1YlJ1BixLyL9WVENRx5RXgNLdfYdx/CuswlGhMw==
  dependencies:
    "@esbuild-kit/core-utils" "^3.0.0"
    get-tsconfig "^4.4.0"

"@esbuild/android-arm64@0.17.19":
  version "0.17.19"
  resolved "https://registry.yarnpkg.com/@esbuild/android-arm64/-/android-arm64-0.17.19.tgz#bafb75234a5d3d1b690e7c2956a599345e84a2fd"
  integrity sha512-KBMWvEZooR7+kzY0BtbTQn0OAYY7CsiydT63pVEaPtVYF0hXbUaOyZog37DKxK7NF3XacBJOpYT4adIJh+avxA==

"@esbuild/android-arm@0.17.19":
  version "0.17.19"
  resolved "https://registry.yarnpkg.com/@esbuild/android-arm/-/android-arm-0.17.19.tgz#5898f7832c2298bc7d0ab53701c57beb74d78b4d"
  integrity sha512-rIKddzqhmav7MSmoFCmDIb6e2W57geRsM94gV2l38fzhXMwq7hZoClug9USI2pFRGL06f4IOPHHpFNOkWieR8A==

"@esbuild/android-x64@0.17.19":
  version "0.17.19"
  resolved "https://registry.yarnpkg.com/@esbuild/android-x64/-/android-x64-0.17.19.tgz#658368ef92067866d95fb268719f98f363d13ae1"
  integrity sha512-uUTTc4xGNDT7YSArp/zbtmbhO0uEEK9/ETW29Wk1thYUJBz3IVnvgEiEwEa9IeLyvnpKrWK64Utw2bgUmDveww==

"@esbuild/darwin-arm64@0.17.19":
  version "0.17.19"
  resolved "https://registry.yarnpkg.com/@esbuild/darwin-arm64/-/darwin-arm64-0.17.19.tgz#584c34c5991b95d4d48d333300b1a4e2ff7be276"
  integrity sha512-80wEoCfF/hFKM6WE1FyBHc9SfUblloAWx6FJkFWTWiCoht9Mc0ARGEM47e67W9rI09YoUxJL68WHfDRYEAvOhg==

"@esbuild/darwin-x64@0.17.19":
  version "0.17.19"
  resolved "https://registry.yarnpkg.com/@esbuild/darwin-x64/-/darwin-x64-0.17.19.tgz#7751d236dfe6ce136cce343dce69f52d76b7f6cb"
  integrity sha512-IJM4JJsLhRYr9xdtLytPLSH9k/oxR3boaUIYiHkAawtwNOXKE8KoU8tMvryogdcT8AU+Bflmh81Xn6Q0vTZbQw==

"@esbuild/freebsd-arm64@0.17.19":
  version "0.17.19"
  resolved "https://registry.yarnpkg.com/@esbuild/freebsd-arm64/-/freebsd-arm64-0.17.19.tgz#cacd171665dd1d500f45c167d50c6b7e539d5fd2"
  integrity sha512-pBwbc7DufluUeGdjSU5Si+P3SoMF5DQ/F/UmTSb8HXO80ZEAJmrykPyzo1IfNbAoaqw48YRpv8shwd1NoI0jcQ==

"@esbuild/freebsd-x64@0.17.19":
  version "0.17.19"
  resolved "https://registry.yarnpkg.com/@esbuild/freebsd-x64/-/freebsd-x64-0.17.19.tgz#0769456eee2a08b8d925d7c00b79e861cb3162e4"
  integrity sha512-4lu+n8Wk0XlajEhbEffdy2xy53dpR06SlzvhGByyg36qJw6Kpfk7cp45DR/62aPH9mtJRmIyrXAS5UWBrJT6TQ==

"@esbuild/linux-arm64@0.17.19":
  version "0.17.19"
  resolved "https://registry.yarnpkg.com/@esbuild/linux-arm64/-/linux-arm64-0.17.19.tgz#38e162ecb723862c6be1c27d6389f48960b68edb"
  integrity sha512-ct1Tg3WGwd3P+oZYqic+YZF4snNl2bsnMKRkb3ozHmnM0dGWuxcPTTntAF6bOP0Sp4x0PjSF+4uHQ1xvxfRKqg==

"@esbuild/linux-arm@0.17.19":
  version "0.17.19"
  resolved "https://registry.yarnpkg.com/@esbuild/linux-arm/-/linux-arm-0.17.19.tgz#1a2cd399c50040184a805174a6d89097d9d1559a"
  integrity sha512-cdmT3KxjlOQ/gZ2cjfrQOtmhG4HJs6hhvm3mWSRDPtZ/lP5oe8FWceS10JaSJC13GBd4eH/haHnqf7hhGNLerA==

"@esbuild/linux-ia32@0.17.19":
  version "0.17.19"
  resolved "https://registry.yarnpkg.com/@esbuild/linux-ia32/-/linux-ia32-0.17.19.tgz#e28c25266b036ce1cabca3c30155222841dc035a"
  integrity sha512-w4IRhSy1VbsNxHRQpeGCHEmibqdTUx61Vc38APcsRbuVgK0OPEnQ0YD39Brymn96mOx48Y2laBQGqgZ0j9w6SQ==

"@esbuild/linux-loong64@0.17.19":
  version "0.17.19"
  resolved "https://registry.yarnpkg.com/@esbuild/linux-loong64/-/linux-loong64-0.17.19.tgz#0f887b8bb3f90658d1a0117283e55dbd4c9dcf72"
  integrity sha512-2iAngUbBPMq439a+z//gE+9WBldoMp1s5GWsUSgqHLzLJ9WoZLZhpwWuym0u0u/4XmZ3gpHmzV84PonE+9IIdQ==

"@esbuild/linux-mips64el@0.17.19":
  version "0.17.19"
  resolved "https://registry.yarnpkg.com/@esbuild/linux-mips64el/-/linux-mips64el-0.17.19.tgz#f5d2a0b8047ea9a5d9f592a178ea054053a70289"
  integrity sha512-LKJltc4LVdMKHsrFe4MGNPp0hqDFA1Wpt3jE1gEyM3nKUvOiO//9PheZZHfYRfYl6AwdTH4aTcXSqBerX0ml4A==

"@esbuild/linux-ppc64@0.17.19":
  version "0.17.19"
  resolved "https://registry.yarnpkg.com/@esbuild/linux-ppc64/-/linux-ppc64-0.17.19.tgz#876590e3acbd9fa7f57a2c7d86f83717dbbac8c7"
  integrity sha512-/c/DGybs95WXNS8y3Ti/ytqETiW7EU44MEKuCAcpPto3YjQbyK3IQVKfF6nbghD7EcLUGl0NbiL5Rt5DMhn5tg==

"@esbuild/linux-riscv64@0.17.19":
  version "0.17.19"
  resolved "https://registry.yarnpkg.com/@esbuild/linux-riscv64/-/linux-riscv64-0.17.19.tgz#7f49373df463cd9f41dc34f9b2262d771688bf09"
  integrity sha512-FC3nUAWhvFoutlhAkgHf8f5HwFWUL6bYdvLc/TTuxKlvLi3+pPzdZiFKSWz/PF30TB1K19SuCxDTI5KcqASJqA==

"@esbuild/linux-s390x@0.17.19":
  version "0.17.19"
  resolved "https://registry.yarnpkg.com/@esbuild/linux-s390x/-/linux-s390x-0.17.19.tgz#e2afd1afcaf63afe2c7d9ceacd28ec57c77f8829"
  integrity sha512-IbFsFbxMWLuKEbH+7sTkKzL6NJmG2vRyy6K7JJo55w+8xDk7RElYn6xvXtDW8HCfoKBFK69f3pgBJSUSQPr+4Q==

"@esbuild/linux-x64@0.17.19":
  version "0.17.19"
  resolved "https://registry.yarnpkg.com/@esbuild/linux-x64/-/linux-x64-0.17.19.tgz#8a0e9738b1635f0c53389e515ae83826dec22aa4"
  integrity sha512-68ngA9lg2H6zkZcyp22tsVt38mlhWde8l3eJLWkyLrp4HwMUr3c1s/M2t7+kHIhvMjglIBrFpncX1SzMckomGw==

"@esbuild/netbsd-x64@0.17.19":
  version "0.17.19"
  resolved "https://registry.yarnpkg.com/@esbuild/netbsd-x64/-/netbsd-x64-0.17.19.tgz#c29fb2453c6b7ddef9a35e2c18b37bda1ae5c462"
  integrity sha512-CwFq42rXCR8TYIjIfpXCbRX0rp1jo6cPIUPSaWwzbVI4aOfX96OXY8M6KNmtPcg7QjYeDmN+DD0Wp3LaBOLf4Q==

"@esbuild/openbsd-x64@0.17.19":
  version "0.17.19"
  resolved "https://registry.yarnpkg.com/@esbuild/openbsd-x64/-/openbsd-x64-0.17.19.tgz#95e75a391403cb10297280d524d66ce04c920691"
  integrity sha512-cnq5brJYrSZ2CF6c35eCmviIN3k3RczmHz8eYaVlNasVqsNY+JKohZU5MKmaOI+KkllCdzOKKdPs762VCPC20g==

"@esbuild/sunos-x64@0.17.19":
  version "0.17.19"
  resolved "https://registry.yarnpkg.com/@esbuild/sunos-x64/-/sunos-x64-0.17.19.tgz#722eaf057b83c2575937d3ffe5aeb16540da7273"
  integrity sha512-vCRT7yP3zX+bKWFeP/zdS6SqdWB8OIpaRq/mbXQxTGHnIxspRtigpkUcDMlSCOejlHowLqII7K2JKevwyRP2rg==

"@esbuild/win32-arm64@0.17.19":
  version "0.17.19"
  resolved "https://registry.yarnpkg.com/@esbuild/win32-arm64/-/win32-arm64-0.17.19.tgz#9aa9dc074399288bdcdd283443e9aeb6b9552b6f"
  integrity sha512-yYx+8jwowUstVdorcMdNlzklLYhPxjniHWFKgRqH7IFlUEa0Umu3KuYplf1HUZZ422e3NU9F4LGb+4O0Kdcaag==

"@esbuild/win32-ia32@0.17.19":
  version "0.17.19"
  resolved "https://registry.yarnpkg.com/@esbuild/win32-ia32/-/win32-ia32-0.17.19.tgz#95ad43c62ad62485e210f6299c7b2571e48d2b03"
  integrity sha512-eggDKanJszUtCdlVs0RB+h35wNlb5v4TWEkq4vZcmVt5u/HiDZrTXe2bWFQUez3RgNHwx/x4sk5++4NSSicKkw==

"@esbuild/win32-x64@0.17.19":
  version "0.17.19"
  resolved "https://registry.yarnpkg.com/@esbuild/win32-x64/-/win32-x64-0.17.19.tgz#8cfaf2ff603e9aabb910e9c0558c26cf32744061"
  integrity sha512-lAhycmKnVOuRYNtRtatQR1LPQf2oYCkRGkSFnseDAKPl8lu5SOsK/e1sXe5a0Pc5kHIHe6P2I/ilntNv2xf3cA==

"@types/lodash@^4.14.195":
  version "4.14.196"
  resolved "https://registry.yarnpkg.com/@types/lodash/-/lodash-4.14.196.tgz#a7c3d6fc52d8d71328b764e28e080b4169ec7a95"
  integrity sha512-22y3o88f4a94mKljsZcanlNWPzO0uBsBdzLAngf2tp533LzZcQzb6+eZPJ+vCTt+bqF2XnvT9gejTLsAcJAJyQ==

"@types/node@*", "@types/node@^20.4.2":
  version "20.4.5"
  resolved "https://registry.yarnpkg.com/@types/node/-/node-20.4.5.tgz#9dc0a5cb1ccce4f7a731660935ab70b9c00a5d69"
  integrity sha512-rt40Nk13II9JwQBdeYqmbn2Q6IVTA5uPhvSO+JVqdXw/6/4glI6oR9ezty/A9Hg5u7JH4OmYmuQ+XvjKm0Datg==

"@types/prompts@^2.4.4":
  version "2.4.4"
  resolved "https://registry.yarnpkg.com/@types/prompts/-/prompts-2.4.4.tgz#dd5a1d41cb1bcd0fc4464bf44a0c8354f36ea735"
  integrity sha512-p5N9uoTH76lLvSAaYSZtBCdEXzpOOufsRjnhjVSrZGXikVGHX9+cc9ERtHRV4hvBKHyZb1bg4K+56Bd2TqUn4A==
  dependencies:
    "@types/node" "*"
    kleur "^3.0.3"

ansi-purge@^1.0.0:
  version "1.0.0"
  resolved "https://registry.yarnpkg.com/ansi-purge/-/ansi-purge-1.0.0.tgz#2def7017d0c0a2ea73d88a97145d6fbc4b08316e"
  integrity sha512-kbm4dtp1jcI8ZWhttEPzmga9fwbhGMinIDghOcBng5q9dOsnM6PYV3ih+5TO4D7inGXU9zBmVi7x1Z4dluY85Q==

are-deeply-equal@^1.0.1:
  version "1.0.2"
  resolved "https://registry.yarnpkg.com/are-deeply-equal/-/are-deeply-equal-1.0.2.tgz#638701b4b7d6ac9b506e1a5777018385d5f3273f"
  integrity sha512-7AsojB7dPeWPKjkxqr0thGjBcLXDDAQu+ICg1TK8ZjYSoZqWVBs4gDSEuJZ71/zsZUTj1IGHk/24/8sL/F6c9Q==

atomically@^2.0.1:
  version "2.0.2"
  resolved "https://registry.yarnpkg.com/atomically/-/atomically-2.0.2.tgz#e5a6e8021441405b7a1c36d4587e25f7a13545f2"
  integrity sha512-Xfmb4q5QV7uqTlVdMSTtO5eF4DCHfNOdaPyKlbFShkzeNP+3lj3yjjcbdjSmEY4+pDBKJ9g26aP+ImTe88UHoQ==
  dependencies:
    stubborn-fs "^1.2.5"
    when-exit "^2.0.0"

buffer-from@^1.0.0:
  version "1.1.2"
  resolved "https://registry.yarnpkg.com/buffer-from/-/buffer-from-1.1.2.tgz#2b146a6fd72e80b4f55d255f35ed59a3a9a41bd5"
  integrity sha512-E+XQCRwSbaaiChtv6k6Dwgc+bx+Bs6vuKJHHl5kox/BaKbhiXzqQOwK4cO22yElGp2OCmjwVhT3HmxgyPGnJfQ==

call-chainer@^3.0.0:
  version "3.0.0"
  resolved "https://registry.yarnpkg.com/call-chainer/-/call-chainer-3.0.0.tgz#197cf50eb4d397844d1c342899a5c8b5c50f84b9"
  integrity sha512-s2xHPaNVG8z4Zoms45RIgLAFjMbtzjxZiYPq/cQMMfhrRnng2i4Cwo9QAusWY+IEmXw+d6I6MXHRAU+T1sElyQ==

dettle@^1.0.1:
  version "1.0.1"
  resolved "https://registry.yarnpkg.com/dettle/-/dettle-1.0.1.tgz#25e07a725722e389d3dea28027fb4a53cf18d8dd"
  integrity sha512-/oD3At60ZfhgzpofJtyClNTrIACyMdRe+ih0YiHzAniN0IZnLdLpEzgR6RtGs3kowxUkTnvV/4t1FBxXMUdusQ==

esbuild@~0.17.6:
  version "0.17.19"
  resolved "https://registry.yarnpkg.com/esbuild/-/esbuild-0.17.19.tgz#087a727e98299f0462a3d0bcdd9cd7ff100bd955"
  integrity sha512-XQ0jAPFkK/u3LcVRcvVHQcTIqD6E2H1fvZMA5dQPSOWb3suUbWbfbRf94pjc0bNzRYLfIrDRQXr7X+LHIm5oHw==

fava@^0.2.0:
  version "0.2.0"
  resolved "https://registry.yarnpkg.com/fava/-/fava-0.2.0.tgz#d3c8987d5fdbdfd512f791a37b124288e20e65b3"
  integrity sha512-QAQ3EInDA7v02wqHcIse1oti+NGvroO2JzdJ1I5RmqSa+pqCnThAiRBf73AqNkTRKZUPHTg35CjLs96IYd/dvw==
  dependencies:
    are-deeply-equal "^1.0.1"
    call-chainer "^3.0.0"
    promise-make-naked "^2.0.0"
    specialist "^1.1.0"
    tiny-colors "^2.0.2"
    tiny-readdir "^2.2.0"
    watcher "^2.2.2"
    zeptomatch "^1.1.0"

find-up-json@^2.0.1:
  version "2.0.2"
  resolved "https://registry.yarnpkg.com/find-up-json/-/find-up-json-2.0.2.tgz#e8e4419fe57d9a338576133e8835214eda635796"
  integrity sha512-UpHMIdzLzZNHZ0vXVv3kHr2vq2MWA+hA8zlzlPH5XMGyYisIr/7/dNm5AjWR3ae6Onie9a1zgtExOqix+8ESQw==

fsevents@~2.3.2:
  version "2.3.2"
  resolved "https://registry.yarnpkg.com/fsevents/-/fsevents-2.3.2.tgz#8a526f78b8fdf4623b709e0b975c52c24c02fd1a"
  integrity sha512-xiqMQR4xAeHTuB9uWm+fFRcIOgKBMiOBP+eXiyT7jsgVCq1bkVygt00oASowB7EdtpOHaaPgKt812P9ab+DDKA==

get-current-package@^1.0.0:
  version "1.0.0"
  resolved "https://registry.yarnpkg.com/get-current-package/-/get-current-package-1.0.0.tgz#503679737b9247aec825efe45591fd0a1ab20f6d"
  integrity sha512-mEZ43mmPMdRz+7vouBd/fhnEMRF0omBzcwwwf2GmbWSeZJGdWHRp9RGLZxW7ZnnZ14jPc3GreHh0s/7u7PZJpQ==
  dependencies:
    find-up-json "^2.0.1"

get-tsconfig@^4.4.0:
  version "4.6.2"
  resolved "https://registry.yarnpkg.com/get-tsconfig/-/get-tsconfig-4.6.2.tgz#831879a5e6c2aa24fe79b60340e2233a1e0f472e"
  integrity sha512-E5XrT4CbbXcXWy+1jChlZmrmCwd5KGx502kDCXJJ7y898TtWW9FwoG5HfOLVRKmlmDGkWN2HM9Ho+/Y8F0sJDg==
  dependencies:
    resolve-pkg-maps "^1.0.0"

grammex@2.0.0, grammex@^2.0.0:
  version "2.0.0"
  resolved "https://registry.yarnpkg.com/grammex/-/grammex-2.0.0.tgz#e16f7dd2d8f364a7ce51e0f2ae9fa60fa3f5390f"
  integrity sha512-iwR264mknsmJDWqAHqZ7S2cad3jbI6YMm/6PzU78fA3mQNPrfRDWGXUacP/mmGWERtb3h/D5tnPKuiBqAfbuMA==

"is@npm:@fabiospampinato/is@^2.5.0":
  version "2.6.0"
  resolved "https://registry.yarnpkg.com/@fabiospampinato/is/-/is-2.6.0.tgz#9c9586e8701590f22ec09c6fd6ba5feb88b83a54"
  integrity sha512-MpH8oD3WkIQ6NNHjMNGh3HNRTAjImhN7XE1uxhebeREx0UcbWUCxLUr0UtV0fzJe3TrFVnuXSODbEYn1Df/hGg==

isostore@^1.0.0:
  version "1.0.0"
  resolved "https://registry.yarnpkg.com/isostore/-/isostore-1.0.0.tgz#7618d9ccbe6bafac787023191824f2cbb85bd02f"
  integrity sha512-MnhxUZYfi6vzq+MSgAziefgMKCVtSX9MUh1JK2qUTw4TSzszJoQfYko48ZoVgycCrSbzIQXBz2eaRA/6D4TlOg==
  dependencies:
    atomically "^2.0.1"
    memoization-registry "^1.0.1"
    when-exit "^2.1.0"

json-archive@^2.1.0:
  version "2.1.0"
  resolved "https://registry.yarnpkg.com/json-archive/-/json-archive-2.1.0.tgz#046f060935ec43bb25844ee10ace19c0af313920"
  integrity sha512-za0wBeCv657/tM1UL6RjvaJIWcUsmsHlJRx7+FT5zipVeDVZkR/uEIZWkG+T5T68PPu5YZElCb4ErdZAE9b2Lg==
  dependencies:
    tiny-readdir "^2.2.0"

kleur@^3.0.3:
  version "3.0.3"
  resolved "https://registry.yarnpkg.com/kleur/-/kleur-3.0.3.tgz#a79c9ecc86ee1ce3fa6206d1216c501f147fc07e"
  integrity sha512-eTIzlVOSUR+JxdDFepEYcBMtZ9Qqdef+rnzWdRZuMbOywu5tO2w2N7rqjoANZ5k9vywhL6Br1VRjUIgTQx4E8w==

lodash@^4.17.21:
  version "4.17.21"
  resolved "https://registry.yarnpkg.com/lodash/-/lodash-4.17.21.tgz#679591c564c3bffaae8454cf0b3df370c3d6911c"
  integrity sha512-v2kDEe57lecTulaDIuNTPy3Ry4gLGJ6Z1O3vE1krgXZNrsQ+LFTGHVxVjcXPs17LhbZVGedAJv8XZ1tvj5FvSg==

memoization-registry@^1.0.1:
  version "1.0.1"
  resolved "https://registry.yarnpkg.com/memoization-registry/-/memoization-registry-1.0.1.tgz#e931e56c59f4e985f955d19e9314816f92af3df0"
  integrity sha512-jKMBM586f/vsZVhmOO4mh1QH7Kx3BV/gIqxR3/hTh4L0Lej3P0POhPuC/dSuYQ6i3sSJwafvCFJic62rGzwtBw==
  dependencies:
    mild-map "^1.1.0"

mild-map@^1.1.0:
  version "1.1.1"
  resolved "https://registry.yarnpkg.com/mild-map/-/mild-map-1.1.1.tgz#daa41ac2c2eb2c99c0d7844cda5d61305f30f3fe"
  integrity sha512-+rxFxqOkENTsgH10mOP7ofDeEQQYsBLgYKsnVE8/Bu0E0LquCx7tGhdBdf8dLkXOuK2dKXJUX7uSg8B/JyR9SA==
  dependencies:
    is "npm:@fabiospampinato/is@^2.5.0"

node-buffer-encoding@^1.0.1:
  version "1.0.1"
  resolved "https://registry.yarnpkg.com/node-buffer-encoding/-/node-buffer-encoding-1.0.1.tgz#a51ca742190084b9b35a33a672b9021f46560358"
  integrity sha512-eklg9A4yXOlIZOIeV8D33gHZjw2g61TREuhucTM+/OR/xn4MXTZaV60fEYP+Lsa7C9bliJvvNrgkC6igafgKrw==

picolate@^1.0.2:
  version "1.0.4"
  resolved "https://registry.yarnpkg.com/picolate/-/picolate-1.0.4.tgz#6aae3ec5ec37ec98d2553e09c738046d6775f56a"
  integrity sha512-i2aZYqkeOrBWvgTDjmvuW9O2F0PXqnP9Qkmfsa2hhlAvkxauHmGKg1XbFEwvTKL1yahyGMDPVh8svPOF+QKmDA==
  dependencies:
    grammex "2.0.0"

promise-make-naked@^2.0.0:
  version "2.0.0"
  resolved "https://registry.yarnpkg.com/promise-make-naked/-/promise-make-naked-2.0.0.tgz#4f65db7da5cd4ba6581a598d9e7f0f6bf5a3ed83"
  integrity sha512-oPf4+YbFOsYM7oAa/sEdc46L1og6ulm652RA14V2CcUIgJ4cLSWnlX2gxg4H+Z84NIEpDE7wljOLEYWuivmd8A==

prompts@^2.4.2:
  version "2.4.2"
  resolved "https://registry.yarnpkg.com/prompts/-/prompts-2.4.2.tgz#7b57e73b3a48029ad10ebd44f74b01722a4cb069"
  integrity sha512-NxNv/kLguCA7p3jE8oL2aEBsrJWgAakBpgmgK6lpPWV+WuOmY6r2/zbAVnP+T8bQlA0nzHXSJSJW0Hq7ylaD2Q==
  dependencies:
    kleur "^3.0.3"
    sisteransi "^1.0.5"

radix64-encoding@^2.0.1:
  version "2.0.1"
  resolved "https://registry.yarnpkg.com/radix64-encoding/-/radix64-encoding-2.0.1.tgz#d3ad1b020a31bb8ac883673174eaa5676bcf0f33"
  integrity sha512-WfjcGA0SyjS76ab9tI1wS8CUF/YVOjqstRExQJGiubHueNO6sMKHRhadrp1Ufgzm0hF9nGbjYR6HNRne82Qzsg==
  dependencies:
    node-buffer-encoding "^1.0.1"
    uint8-encoding "^2.0.0"

resolve-pkg-maps@^1.0.0:
  version "1.0.0"
  resolved "https://registry.yarnpkg.com/resolve-pkg-maps/-/resolve-pkg-maps-1.0.0.tgz#616b3dc2c57056b5588c31cdf4b3d64db133720f"
  integrity sha512-seS2Tj26TBVOC2NIc2rOe2y2ZO7efxITtLZcGSOnHHNOQ7CkiUBfw0Iw2ck6xkIhPwLhKNLS8BO+hEpngQlqzw==

ripstat@^2.0.0:
  version "2.0.2"
  resolved "https://registry.yarnpkg.com/ripstat/-/ripstat-2.0.2.tgz#7b2c3500b741ffef5535547bb70472f44387123c"
  integrity sha512-93g4yBvHzYwl9issdCObsHBojarat+rGT4QDFR0gFrOO4UrG90XUufMGkaSCn21awp08ahP/mQlqIiVFsTH8LQ==
  dependencies:
    stubborn-fs "^1.2.4"

sisteransi@^1.0.5:
  version "1.0.5"
  resolved "https://registry.yarnpkg.com/sisteransi/-/sisteransi-1.0.5.tgz#134d681297756437cc05ca01370d3a7a571075ed"
  integrity sha512-bLGGlR1QxBcynn2d5YmDX4MGjlZvy2MRBDRNHLJ8VI6l6+9FUiyTFNJ0IveOSP0bcXgVDPRcfGqA0pjaqUpfVg==

source-map-support@^0.5.21:
  version "0.5.21"
  resolved "https://registry.yarnpkg.com/source-map-support/-/source-map-support-0.5.21.tgz#04fe7c7f9e1ed2d662233c28cb2b35b9f63f6e4f"
  integrity sha512-uBHU3L3czsIyYXKX88fdrGovxdSCoTGDRZ6SYXtSRxLZUzHg5P/66Ht6uoUlHu9EZod+inXhKo3qQgwXUT/y1w==
  dependencies:
    buffer-from "^1.0.0"
    source-map "^0.6.0"

source-map@^0.6.0:
  version "0.6.1"
  resolved "https://registry.yarnpkg.com/source-map/-/source-map-0.6.1.tgz#74722af32e9614e9c287a8d0bbde48b5e2f1a263"
  integrity sha512-UjgapumWlbMhkBgzT7Ykc5YXUT46F0iKu8SGXq0bcwP5dz/h0Plj6enJqjz1Zbq2l5WaqYnrVbwWOWMyF3F47g==

specialist@^1.1.0, specialist@^1.2.0:
  version "1.2.0"
  resolved "https://registry.yarnpkg.com/specialist/-/specialist-1.2.0.tgz#3c2837e90a48c980b0f004ce13b550f42520d8e1"
  integrity sha512-rgLvwEOeyA2BfeVh0kMPGKo6Rza1ueVABIc07eOembRPrF03y20AJPVQMHV0IHCCaS5Z2mItAxcM8F/D2CeV4Q==
  dependencies:
    tiny-bin "^1.4.0"
    tiny-colors "^2.0.2"
    tiny-parse-argv "^2.2.0"
    tiny-updater "^3.4.0"

stubborn-fs@^1.2.4, stubborn-fs@^1.2.5:
  version "1.2.5"
  resolved "https://registry.yarnpkg.com/stubborn-fs/-/stubborn-fs-1.2.5.tgz#e5e244223166921ddf66ed5e062b6b3bf285bfd2"
  integrity sha512-H2N9c26eXjzL/S/K+i/RHHcFanE74dptvvjM8iwzwbVcWY/zjBbgRqF3K0DY4+OD+uTTASTBvDoxPDaPN02D7g==

tiny-bin@^1.4.0:
  version "1.4.0"
  resolved "https://registry.yarnpkg.com/tiny-bin/-/tiny-bin-1.4.0.tgz#665928427d49d9bf672c954f74001aeeb1078b46"
  integrity sha512-0W/E8cKa4dGZ7eNG48GqsgZt2FYZl+Jy03c4762hLiOoY9D1v0Lc7dq0oAJtLxjdGSFm5f3DL64XOxHvnuMGzg==
  dependencies:
    ansi-purge "^1.0.0"
    get-current-package "^1.0.0"
    tiny-colors "^2.0.2"
    tiny-levenshtein "^1.0.0"
    tiny-parse-argv "^2.2.0"
    tiny-updater "^3.4.0"

tiny-colors@^2.0.2:
  version "2.0.2"
  resolved "https://registry.yarnpkg.com/tiny-colors/-/tiny-colors-2.0.2.tgz#5370ba8ee6f4312e3b27f80f694ca9cbda51f0e1"
  integrity sha512-FYzA5Q5myp26PIZ4mx/03SreNgB1dGqcHJnj1Z8UVQ8/CBw0c6qRoPgRdk8rKpviY5diZyOmRGYMYKLYbjnmWQ==

tiny-levenshtein@^1.0.0:
  version "1.0.0"
  resolved "https://registry.yarnpkg.com/tiny-levenshtein/-/tiny-levenshtein-1.0.0.tgz#f0548fd7062b221a34dfa0a95a43fa792b3ac919"
  integrity sha512-27KxXZhuXCP+xol3k4jMWms8+B6H2qEUlBMTmB5YT3uvFXFNft4Hw/MqurrHkDdC01nx1HIADcE1wR40byJf4Q==

tiny-parse-argv@^2.2.0:
  version "2.2.0"
  resolved "https://registry.yarnpkg.com/tiny-parse-argv/-/tiny-parse-argv-2.2.0.tgz#0fc217411a4e968d2fff9e65316382ffece02ee6"
  integrity sha512-wtEWBArTcc4hHeT3F5otv5vay31AYsN/R9LURrrYhfVlQn4unk6XzaFRtmbU4y40WzKOsUP5NidN+x4lkBO8jQ==

tiny-readdir@^2.2.0:
  version "2.2.0"
  resolved "https://registry.yarnpkg.com/tiny-readdir/-/tiny-readdir-2.2.0.tgz#ad3770a29efae222beae06032389cbedab4b57bc"
  integrity sha512-bO4IgID5M2x5YQFBru/wREgT30YuA8aoOd/F8Rd6LKRIn1gOe9aREjT74J9EVukHqI/2RB+4SM1RgXM0gwxoWw==

tiny-updater@^3.4.0:
  version "3.4.0"
  resolved "https://registry.yarnpkg.com/tiny-updater/-/tiny-updater-3.4.0.tgz#30e1ca2f639ce2d367c37a09005ffc8640c155ce"
  integrity sha512-FUYEOUCAUuJHCEeuTq3XwJSDf73uHfBJnMEMoDQhlvYSP5BU3x5anCw4pgf19vFxRq97INZo7bdFjDIy6ar6wA==
  dependencies:
    isostore "^1.0.0"
    tiny-colors "^2.0.2"
    when-exit "^2.1.0"

tsex@^2.2.4:
  version "2.2.4"
  resolved "https://registry.yarnpkg.com/tsex/-/tsex-2.2.4.tgz#febf472db69bed7652b1b7e19afb802134c6557d"
  integrity sha512-obJ/nD2z2NR3CXkP7GlqqqbS0HTAqAKb3F8em5pWhgFs+kNLA221+RxyD5HkriUFwvEAL/1dYtu8jFM+E6szuA==
  dependencies:
    atomically "^2.0.1"
    dettle "^1.0.1"
    specialist "^1.1.0"
    tiny-readdir "^2.2.0"
    watcher "^2.2.2"

tsx@^3.12.7:
  version "3.12.7"
  resolved "https://registry.yarnpkg.com/tsx/-/tsx-3.12.7.tgz#b3b8b0fc79afc8260d1e14f9e995616c859a91e9"
  integrity sha512-C2Ip+jPmqKd1GWVQDvz/Eyc6QJbGfE7NrR3fx5BpEHMZsEHoIxHL1j+lKdGobr8ovEyqeNkPLSKp6SCSOt7gmw==
  dependencies:
    "@esbuild-kit/cjs-loader" "^2.4.2"
    "@esbuild-kit/core-utils" "^3.0.0"
    "@esbuild-kit/esm-loader" "^2.5.5"
  optionalDependencies:
    fsevents "~2.3.2"

typescript@^4.9.5:
  version "4.9.5"
  resolved "https://registry.yarnpkg.com/typescript/-/typescript-4.9.5.tgz#095979f9bcc0d09da324d58d03ce8f8374cbe65a"
  integrity sha512-1FXk9E2Hm+QzZQ7z+McJiHL4NW1F2EzMu9Nq9i3zAaGqibafqYwCVU6WyWAuyQRRzOlxou8xZSyXLEN8oKj24g==

uint8-encoding@^2.0.0:
  version "2.0.0"
  resolved "https://registry.yarnpkg.com/uint8-encoding/-/uint8-encoding-2.0.0.tgz#2307ada829bf36f5c8177a96b5461b11532d8401"
  integrity sha512-MQcY+mEuLoHBqAawasWrFbZx1SqUoFU/wVYNGO6lsIxczeO+cNjA1djYHQM3GWU3SaEhKTfG3Z5cE2r+zR6tNw==

watcher@^2.2.2:
  version "2.2.2"
  resolved "https://registry.yarnpkg.com/watcher/-/watcher-2.2.2.tgz#920a41ee55bdb76eeab4222361984440d4b9d38c"
  integrity sha512-q6H+WoyFUtcKbOiMh8HqtHqv8qMbJdAunALRyp3/Iwi/8vEBZ86AV71vTcbiX1JrtvbM2FeqQTFrXLIs9jT7EQ==
  dependencies:
    dettle "^1.0.1"
    ripstat "^2.0.0"
    tiny-readdir "^2.2.0"

when-exit@^2.0.0, when-exit@^2.1.0:
  version "2.1.0"
  resolved "https://registry.yarnpkg.com/when-exit/-/when-exit-2.1.0.tgz#0f7b5d7d5f00ea2c4b131b546c444cca2c4ffba7"
  integrity sha512-H85ulNwUBU1e6PGxkWUDgxnbohSXD++ah6Xw1VHAN7CtypcbZaC4aYjQ+C2PMVaDkURDuOinNAT+Lnz3utWXxQ==

zeptomatch@^1.1.0:
  version "1.1.2"
  resolved "https://registry.yarnpkg.com/zeptomatch/-/zeptomatch-1.1.2.tgz#a03328e3cd97ae72e1d1541bc8e7ab1ff011b1c7"
  integrity sha512-EBV+hDvimWJ5xUwEIT6/SqrQLFIWWvVT/Tvt2p1zzzz05uVobUPWibcvNfhh+HmTv3ODDtV460pFleiKYmRYAA==
  dependencies:
    grammex "^2.0.0"
